
Microsoft Visual Studio Solution File, Format Version 10.00
# Visual Studio 2008
Project("{FAE04EC0-301F-11D3-BF4B-00C04F79EFBC}") = "AdvertList", "OxigenIIAdvertList\AdvertList.csproj", "{F5B3ECDB-7490-4303-8EDA-A0DFE79F0189}"
EndProject
Project("{FAE04EC0-301F-11D3-BF4B-00C04F79EFBC}") = "AssetLevel", "AssetLevel\AssetLevel.csproj", "{C27EBE2A-824A-41E9-9158-DBF7FDA8FDDF}"
EndProject
Project("{FAE04EC0-301F-11D3-BF4B-00C04F79EFBC}") = "Assets", "Assets\Assets.csproj", "{3736B130-0A0E-45C5-937A-9328DE0696E8}"
EndProject
Project("{FAE04EC0-301F-11D3-BF4B-00C04F79EFBC}") = "AssetScheduling", "OxigenIIAssetScheduling\AssetScheduling.csproj", "{8D0E8EB0-A926-47C1-8F45-5FBEF3E5C845}"
	ProjectSection(ProjectDependencies) = postProject
		{5D25E01D-9704-4214-8475-F478AD8891E4} = {5D25E01D-9704-4214-8475-F478AD8891E4}
	EndProjectSection
EndProject
Project("{FAE04EC0-301F-11D3-BF4B-00C04F79EFBC}") = "AssetType", "OxigenIIAssetType\AssetType.csproj", "{4C3A7708-300A-43F9-8D27-42CE3E132869}"
EndProject
Project("{FAE04EC0-301F-11D3-BF4B-00C04F79EFBC}") = "BLHost", "BLHost\BLHost.csproj", "{77ED4C6A-C4C1-447A-A9FA-D0EDEFD2AF27}"
EndProject
Project("{FAE04EC0-301F-11D3-BF4B-00C04F79EFBC}") = "BLHostService", "BLHostService\BLHostService.csproj", "{49F4A844-0E88-43D8-87B6-3ABA86A4DF16}"
EndProject
Project("{FAE04EC0-301F-11D3-BF4B-00C04F79EFBC}") = "BoolContainerLib", "BoolContainerLib\BoolContainerLib.csproj", "{4998F27D-0B97-4DF3-9810-E38BF3B2068B}"
EndProject
Project("{FAE04EC0-301F-11D3-BF4B-00C04F79EFBC}") = "ChannelData", "OxigenIIChannelData\ChannelData.csproj", "{5DF6DC54-E02D-47A8-B74D-C89F9E944687}"
EndProject
Project("{FAE04EC0-301F-11D3-BF4B-00C04F79EFBC}") = "ChannelDatabaseToRelayUploaderLib", "ChannelDatabaseToRelayUploaderLib\ChannelDatabaseToRelayUploaderLib.csproj", "{35E4B18E-770E-4756-B824-B47BD4C56EB0}"
EndProject
Project("{FAE04EC0-301F-11D3-BF4B-00C04F79EFBC}") = "ChannelDatabaseToRelayUploaderSvc", "ChannelDatabaseToRelayUploaderSvc\ChannelDatabaseToRelayUploaderSvc.csproj", "{DB5BD0D0-8542-4C91-9929-D58A1159D2C4}"
EndProject
Project("{FAE04EC0-301F-11D3-BF4B-00C04F79EFBC}") = "ChannelSubscriptions", "OxigenIIChannelSubscriptions\ChannelSubscriptions.csproj", "{CF9C9E18-82B5-4870-9510-DFD781B7A7F0}"
EndProject
Project("{FAE04EC0-301F-11D3-BF4B-00C04F79EFBC}") = "ContentExchanger", "OxigenIIContentExchanger\ContentExchanger.csproj", "{BC84B1F8-B3E8-48B5-93B5-EA1871CBF4C3}"
EndProject
Project("{FAE04EC0-301F-11D3-BF4B-00C04F79EFBC}") = "DAHost", "DAHost\DAHost.csproj", "{4BFB76CE-EE70-4A7D-B70F-9A13E05AF1BE}"
EndProject
Project("{FAE04EC0-301F-11D3-BF4B-00C04F79EFBC}") = "DAHostService", "DAHostService\DAHostService.csproj", "{29657AD1-63BF-48D6-90FA-EE20A3F2FA2F}"
EndProject
Project("{FAE04EC0-301F-11D3-BF4B-00C04F79EFBC}") = "DataAccess", "DataAccess\DataAccess.csproj", "{F50C29A8-6B88-436F-A938-61166E695483}"
EndProject
Project("{FAE04EC0-301F-11D3-BF4B-00C04F79EFBC}") = "DataAggregators", "DataAggregators\DataAggregators.csproj", "{B7A47AB8-1E9A-4D10-9C68-23D7F8E1CF56}"
EndProject
Project("{FAE04EC0-301F-11D3-BF4B-00C04F79EFBC}") = "DemographicData", "OxigenIIDemographicData\DemographicData.csproj", "{405D3C86-4D83-4FC9-8842-8D88C0398B99}"
EndProject
Project("{FAE04EC0-301F-11D3-BF4B-00C04F79EFBC}") = "DemographicRange", "DemographicRange\DemographicRange.csproj", "{25FE3B01-651A-4F05-8834-A9AED77AE034}"
EndProject
Project("{FAE04EC0-301F-11D3-BF4B-00C04F79EFBC}") = "EncryptionDecryption", "EncryptionDecryption\EncryptionDecryption.csproj", "{940650B2-518E-49B2-B716-22B3737731D7}"
EndProject
Project("{FAE04EC0-301F-11D3-BF4B-00C04F79EFBC}") = "Exceptions", "OxigenIIExceptions\Exceptions.csproj", "{0AA05276-8AB0-4F73-B5CC-5A8BC120FB18}"
EndProject
Project("{FAE04EC0-301F-11D3-BF4B-00C04F79EFBC}") = "FileChecksumCalculator", "FileChecksumCalculator\FileChecksumCalculator\FileChecksumCalculator.csproj", "{9336AE54-20DB-468F-93BA-837CDAB30221}"
EndProject
Project("{FAE04EC0-301F-11D3-BF4B-00C04F79EFBC}") = "FileLocker", "FileLocker\FileLocker.csproj", "{44C9638A-0FF7-4D62-B2E3-8174FA7D7530}"
EndProject
Project("{FAE04EC0-301F-11D3-BF4B-00C04F79EFBC}") = "FilenameMakerLib", "FilenameMakerLib\FilenameMakerLib.csproj", "{17060F4B-F9EE-4C1E-A787-F1F1F7F7A5F2}"
EndProject
Project("{FAE04EC0-301F-11D3-BF4B-00C04F79EFBC}") = "FileRightsChecker", "FileRightsChecker\FileRightsChecker.csproj", "{698CC733-76C2-4425-921C-A2EE1609F986}"
EndProject
Project("{FAE04EC0-301F-11D3-BF4B-00C04F79EFBC}") = "FlatAggregatedLogStructures", "FlatAggregatedLogStructures\FlatAggregatedLogStructures.csproj", "{65200738-FA6B-4ACE-8671-A93B4495AD08}"
EndProject
Project("{FAE04EC0-301F-11D3-BF4B-00C04F79EFBC}") = "GeneralData", "OxigenIIGeneralData\GeneralData.csproj", "{FEBA9756-1135-44EA-9F8C-59FD30F64EA3}"
EndProject
Project("{FAE04EC0-301F-11D3-BF4B-00C04F79EFBC}") = "InclusionExclusionRules", "OxigenIIInclusionExclusionRules\InclusionExclusionRules.csproj", "{F8A597E4-9B88-49A0-901A-B6F507037FA2}"
EndProject
Project("{FAE04EC0-301F-11D3-BF4B-00C04F79EFBC}") = "InterCommunicationStructures", "InterCommunicationStructures\InterCommunicationStructures.csproj", "{50DAC8FF-4F6B-44FD-8875-50E65CD736B3}"
EndProject
Project("{FAE04EC0-301F-11D3-BF4B-00C04F79EFBC}") = "InternetConnectionCheck", "InternetConnectionCheck\InternetConnectionCheck.csproj", "{E9D6DAD1-9746-4508-A095-7BB7D2173113}"
EndProject
Project("{FAE04EC0-301F-11D3-BF4B-00C04F79EFBC}") = "LinqToHashSet", "LinqToHashSet\LinqToHashSet.csproj", "{4983D647-18D3-40DE-B15C-555D3E411244}"
EndProject
Project("{FAE04EC0-301F-11D3-BF4B-00C04F79EFBC}") = "LogEntry", "OxigenIILogEntry\LogEntry.csproj", "{7E51006D-BB71-41F0-BDB5-480FDDD1C5FC}"
EndProject
Project("{FAE04EC0-301F-11D3-BF4B-00C04F79EFBC}") = "LogExchanger", "OxigenIILogExchanger\LogExchanger.csproj", "{7ACC96A8-7971-4BC4-A966-FEF078E91139}"
EndProject
Project("{FAE04EC0-301F-11D3-BF4B-00C04F79EFBC}") = "LogFileReader", "OxigenIILogFileReader\LogFileReader.csproj", "{9DE93E99-A928-42A4-B397-20B9F15FF4F3}"
EndProject
Project("{FAE04EC0-301F-11D3-BF4B-00C04F79EFBC}") = "LogFileWriter", "LogFileWriter\LogFileWriter.csproj", "{2FDFB1A6-A7C5-4B2E-AD45-B002E9222370}"
EndProject
Project("{FAE04EC0-301F-11D3-BF4B-00C04F79EFBC}") = "LoggerInfo", "OxigenIILoggerInfo\LoggerInfo.csproj", "{24134EAF-1B5B-4329-9071-15629067E98D}"
EndProject
Project("{FAE04EC0-301F-11D3-BF4B-00C04F79EFBC}") = "LogManipulator", "OxigenIILogManipulator\LogManipulator.csproj", "{8345B05C-2F86-4E34-97FE-7F59FC983C40}"
EndProject
Project("{FAE04EC0-301F-11D3-BF4B-00C04F79EFBC}") = "LogSingletonAccessor", "LogWriteOperations\LogSingletonAccessor.csproj", "{BD4D0664-9B0D-49BE-BED4-E4AC23D2F909}"
EndProject
Project("{FAE04EC0-301F-11D3-BF4B-00C04F79EFBC}") = "LogStats", "OxigenIILogStats\LogStats.csproj", "{02CE096A-08E3-472F-A8B9-0C8DE4C29D6F}"
EndProject
Project("{FAE04EC0-301F-11D3-BF4B-00C04F79EFBC}") = "MasterDataMarshallerService", "MasterDataMarshallerService\MasterDataMarshallerService.csproj", "{0DD423AA-9010-44A7-9288-4DD922B33B2F}"
EndProject
Project("{FAE04EC0-301F-11D3-BF4B-00C04F79EFBC}") = "NoAssetsAnimator", "NoAssetsAnimator\NoAssetsAnimator.csproj", "{1545A1E9-4F46-4214-89DA-F796F6DC9955}"
EndProject
Project("{FAE04EC0-301F-11D3-BF4B-00C04F79EFBC}") = "OxigenHeartbeatAggregator", "OxigenHeartbeatAggregator\OxigenHeartbeatAggregator.csproj", "{06212163-8BDA-4BB2-B8DB-7DF1EBB4F251}"
EndProject
Project("{FAE04EC0-301F-11D3-BF4B-00C04F79EFBC}") = "OxigenIIBLService", "OxigenIIBLService\OxigenIIBLService.csproj", "{82BE9749-9559-4E0B-81C3-62B63C638A79}"
EndProject
Project("{FAE04EC0-301F-11D3-BF4B-00C04F79EFBC}") = "OxigenIIDAClient", "OxigenIIDAClient\OxigenIIDAClient.csproj", "{F3C5651C-ABA0-4582-BE0D-4F99930FC9C7}"
EndProject
Project("{FAE04EC0-301F-11D3-BF4B-00C04F79EFBC}") = "OxigenIIDAContracts", "OxigenIIDAContracts\OxigenIIDAContracts.csproj", "{DB4F6039-D5CB-456D-836E-B6307EFD7D4D}"
EndProject
Project("{FAE04EC0-301F-11D3-BF4B-00C04F79EFBC}") = "OxigenIIDAServices", "OxigenIIDAServices\OxigenIIDAServices.csproj", "{4D6199B0-9088-48EA-9C0A-6F5655216D7E}"
EndProject
Project("{FAE04EC0-301F-11D3-BF4B-00C04F79EFBC}") = "OxigenIIMasterDataMarContracts", "OxigenIIMasterDataMarContracts\OxigenIIMasterDataMarContracts.csproj", "{5BFF8C38-3902-49AE-88B9-C5E53727A019}"
EndProject
Project("{FAE04EC0-301F-11D3-BF4B-00C04F79EFBC}") = "OxigenIIMasterDataMarServices", "OxigenIIMasterDataMarServices\OxigenIIMasterDataMarServices.csproj", "{3B175112-1459-4518-87DB-7720518C8126}"
EndProject
Project("{FAE04EC0-301F-11D3-BF4B-00C04F79EFBC}") = "OxigenIIMasterDataMarshaller", "OxigenIIMasterDataMarshaller\OxigenIIMasterDataMarshaller.csproj", "{9254A344-1530-4B91-AEC8-3B662CE3E56B}"
EndProject
Project("{FAE04EC0-301F-11D3-BF4B-00C04F79EFBC}") = "OxigenIIMasterDataMarshallerClient", "OxigenIIMasterDataMarshallerClient\OxigenIIMasterDataMarshallerClient.csproj", "{E2B3DCB0-1DFF-4D70-BE92-4CFAA93986AB}"
EndProject
Project("{FAE04EC0-301F-11D3-BF4B-00C04F79EFBC}") = "OxigenIIPresentation", "OxigenIIPresentation\OxigenIIPresentation.csproj", "{EF2E77E6-6434-4467-B199-6038BA279460}"
	ProjectSection(ProjectDependencies) = postProject
		{5D25E01D-9704-4214-8475-F478AD8891E4} = {5D25E01D-9704-4214-8475-F478AD8891E4}
	EndProjectSection
EndProject
Project("{FAE04EC0-301F-11D3-BF4B-00C04F79EFBC}") = "OxigenIIScreenSaver", "OxigenIIScreenSaver\OxigenIIScreenSaver\OxigenIIScreenSaver.csproj", "{144D6CA7-61A5-437F-880C-6D3591A5EBD4}"
EndProject
Project("{FAE04EC0-301F-11D3-BF4B-00C04F79EFBC}") = "OxigenIIScreenSaverConfig", "OxigenIIScreenSaverConfig\OxigenIIScreenSaverConfig.csproj", "{EFF05119-8F47-48C8-9371-83C65B3F9400}"
EndProject
Project("{FAE04EC0-301F-11D3-BF4B-00C04F79EFBC}") = "OxigenIIServiceFactory", "OxigenIIServiceFactory\OxigenIIServiceFactory.csproj", "{DB429334-2D03-4AE9-9351-A0058F1EFE41}"
EndProject
Project("{FAE04EC0-301F-11D3-BF4B-00C04F79EFBC}") = "OxigenIISitesBLClient", "OxigenIISitesBLClient\OxigenIISitesBLClient.csproj", "{83BBF96A-3E50-4944-AE2A-C4D4E409D01C}"
EndProject
Project("{FAE04EC0-301F-11D3-BF4B-00C04F79EFBC}") = "OxigenIISitesBLContracts", "OxigenIISitesBLContracts\OxigenIISitesBLContracts.csproj", "{BDA097A4-C673-444A-A4ED-3202357C65D7}"
EndProject
Project("{FAE04EC0-301F-11D3-BF4B-00C04F79EFBC}") = "OxigenIISitesBLServices", "OxigenIISitesBLServices\OxigenIISitesBLServices.csproj", "{BF3093AF-33DD-4A64-A87E-73FAF2CADD81}"
EndProject
Project("{FAE04EC0-301F-11D3-BF4B-00C04F79EFBC}") = "OxigenIIStopwatch", "OxigenIIStopwatch\OxigenIIStopwatch.csproj", "{872830FD-3BF3-45D1-9C98-3D51A107B1E5}"
EndProject
Project("{FAE04EC0-301F-11D3-BF4B-00C04F79EFBC}") = "OxigenIITray", "OxigenIISSG\OxigenIITray.csproj", "{A085FD2D-8013-4CBE-B901-68A3C204C5D0}"
EndProject
Project("{FAE04EC0-301F-11D3-BF4B-00C04F79EFBC}") = "OxigenIIUserDataMarshaller", "OxigenIIUserDataMarshaller\OxigenIIUserDataMarshaller.csproj", "{D1F4201F-CAAC-48B3-B8DC-D52E04BCDB90}"
EndProject
Project("{FAE04EC0-301F-11D3-BF4B-00C04F79EFBC}") = "OxigenIIUserDataMarshallerClient", "OxigenIIUserDataMarshallerClient\OxigenIIUserDataMarshallerClient.csproj", "{F24B8A98-35C3-4E46-B6CB-E7BC9373CD91}"
EndProject
Project("{FAE04EC0-301F-11D3-BF4B-00C04F79EFBC}") = "OxigenIIUserDataMarshallrContracts", "OxigenIIUserDataMarshallrContracts\OxigenIIUserDataMarshallrContracts.csproj", "{5CE5DD0D-7208-4ADD-B851-489CE91925E3}"
EndProject
Project("{FAE04EC0-301F-11D3-BF4B-00C04F79EFBC}") = "OxigenIIUserDataMarshallrService", "OxigenIIUserDataMarshallrService\OxigenIIUserDataMarshallrService.csproj", "{F49B55D4-1F4D-4F24-A978-4FA55A39EFDF}"
EndProject
Project("{FAE04EC0-301F-11D3-BF4B-00C04F79EFBC}") = "OxigenIIUserMgmtServices", "OxigenIIUserMgmtServices\OxigenIIUserMgmtServices.csproj", "{DD1D6D63-8E88-4E94-B8FE-44A652ACF3D8}"
EndProject
Project("{FAE04EC0-301F-11D3-BF4B-00C04F79EFBC}") = "OxigenIIUserMgmtServicesClient", "OxigenIIUserMgmtServicesClient\OxigenIIUserMgmtServicesClient.csproj", "{F9ADD13C-D7CE-4C42-8C0C-65D617C5DFAA}"
EndProject
Project("{FAE04EC0-301F-11D3-BF4B-00C04F79EFBC}") = "OxigenIIUserMgmtServicesContracts", "OxigenIIUserMgmtServicesContracts\OxigenIIUserMgmtServicesContracts.csproj", "{401432CD-4E44-4863-84A9-CCE5F9579A78}"
EndProject
Project("{FAE04EC0-301F-11D3-BF4B-00C04F79EFBC}") = "OxigenIIUserMgmtServicesService", "OxigenIIUserMgmtServicesService\OxigenIIUserMgmtServicesService.csproj", "{13C82DBF-07F0-422C-B999-A94FF5C55DF2}"
EndProject
Project("{FAE04EC0-301F-11D3-BF4B-00C04F79EFBC}") = "OxigenLogAggregator", "OxigenLogAggregator\OxigenLogAggregator.csproj", "{823E3A22-AA5B-4843-AEBC-167D91DC0A59}"
EndProject
Project("{FAE04EC0-301F-11D3-BF4B-00C04F79EFBC}") = "OxigenScreenSaverProductAggregator", "OxigenScreenSaverProductAggregator\OxigenScreenSaverProductAggregator.csproj", "{91784828-25A0-4DF4-B956-822990AAA8C6}"
EndProject
Project("{FAE04EC0-301F-11D3-BF4B-00C04F79EFBC}") = "OxigenUninstallInfoAggregator", "OxigenUninstallInfoAggregator\OxigenUninstallInfoAggregator.csproj", "{80F2C691-B2F0-4F56-A746-BB43EDEF90A7}"
EndProject
Project("{FAE04EC0-301F-11D3-BF4B-00C04F79EFBC}") = "PlayerType", "OxigenIIPlayerType\PlayerType.csproj", "{DA2DD1C3-9DA5-4A08-AB79-FA2C0B396E75}"
EndProject
Project("{FAE04EC0-301F-11D3-BF4B-00C04F79EFBC}") = "Playlist", "OxigenIIPlaylist\Playlist.csproj", "{74B94F02-FE73-4AE9-B5C7-935991C4F4B8}"
EndProject
Project("{FAE04EC0-301F-11D3-BF4B-00C04F79EFBC}") = "PlaylistAssetPicker", "PlaylistAssetPicker\PlaylistAssetPicker.csproj", "{5E9CF6E7-B071-4B5E-A951-2D997F9ADFD1}"
EndProject
Project("{FAE04EC0-301F-11D3-BF4B-00C04F79EFBC}") = "PlaylistLogic", "OxigenIIPlaylistMaker\PlaylistLogic.csproj", "{E5DD2597-ECC6-41EE-9711-501DC90D0119}"
	ProjectSection(ProjectDependencies) = postProject
		{4983D647-18D3-40DE-B15C-555D3E411244} = {4983D647-18D3-40DE-B15C-555D3E411244}
	EndProjectSection
EndProject
Project("{FAE04EC0-301F-11D3-BF4B-00C04F79EFBC}") = "ProxyClientBaseLib", "ProxyClientBaseLib\ProxyClientBaseLib.csproj", "{17265B81-FA8E-4016-BE6A-CEAB89CAE76E}"
EndProject
Project("{FAE04EC0-301F-11D3-BF4B-00C04F79EFBC}") = "RegexCompiler", "RegexCompiler\RegexCompiler.csproj", "{5D25E01D-9704-4214-8475-F478AD8891E4}"
EndProject
Project("{FAE04EC0-301F-11D3-BF4B-00C04F79EFBC}") = "RegistryAccess", "RegistryAccess\RegistryAccess.csproj", "{7C486BC9-00F6-48F7-BB49-4CFABBE47DF1}"
EndProject
Project("{FAE04EC0-301F-11D3-BF4B-00C04F79EFBC}") = "ScreenSaverSingletons", "OxigenIILogStructuresRaw\ScreenSaverSingletons.csproj", "{B432D1DF-1D47-4AAB-9AE9-2CC483094E7B}"
EndProject
Project("{FAE04EC0-301F-11D3-BF4B-00C04F79EFBC}") = "ServerCycleConnectAttempt", "ServerCycleConnectAttempt\ServerCycleConnectAttempt.csproj", "{CB76EF64-7ACD-4799-95C4-D7B032994EC4}"
EndProject
Project("{FAE04EC0-301F-11D3-BF4B-00C04F79EFBC}") = "SimpleInstaller", "SimpleInstaller\SimpleInstaller.csproj", "{B977CC56-E60B-4426-B5A5-167E64C80871}"
EndProject
Project("{FAE04EC0-301F-11D3-BF4B-00C04F79EFBC}") = "SOAStructures", "SOAStructures\SOAStructures.csproj", "{328E0FFB-73DD-4F8B-8DD4-58214B741F2D}"
EndProject
Project("{FAE04EC0-301F-11D3-BF4B-00C04F79EFBC}") = "SSGService", "OxigenIISSGService\SSGService.csproj", "{6D95252F-F799-4AA9-A617-790FC4522BAF}"
EndProject
Project("{FAE04EC0-301F-11D3-BF4B-00C04F79EFBC}") = "TaxonomySearch", "OxigenIITaxonomySearch\TaxonomySearch.csproj", "{9B313BBB-227B-492F-A1E8-0755C588BA21}"
EndProject
Project("{FAE04EC0-301F-11D3-BF4B-00C04F79EFBC}") = "TimeSpanObjectWrapper", "TimeSpanObjectWrapper\TimeSpanObjectWrapper.csproj", "{7461B0BB-836E-48F1-BA45-6A8F93F7A628}"
EndProject
Project("{FAE04EC0-301F-11D3-BF4B-00C04F79EFBC}") = "UserSettings", "UserSettings\UserSettings.csproj", "{369A56B9-C812-4FB2-B50F-35ADDAC8351E}"
EndProject
Project("{FAE04EC0-301F-11D3-BF4B-00C04F79EFBC}") = "WCFErrorReporting", "WCFErrorReporting\WCFErrorReporting.csproj", "{023A7A25-2BAE-4B3F-AC20-6FA65055C852}"
EndProject
Project("{FAE04EC0-301F-11D3-BF4B-00C04F79EFBC}") = "WindowsVersionDetection", "WindowsVersionDetection\WindowsVersionDetection.csproj", "{D072296F-E55A-4F46-8631-A3577C6E955D}"
EndProject
Project("{FAE04EC0-301F-11D3-BF4B-00C04F79EFBC}") = "XmlSerializableGenericDictionary", "XmlSerializableGenericDictionary\XmlSerializableGenericDictionary.csproj", "{7B5B0116-D15B-45B6-B4B9-84B63D83222F}"
EndProject
Project("{FAE04EC0-301F-11D3-BF4B-00C04F79EFBC}") = "XmlSerializableSortableGenericList", "XmlSerializableSortableGenericList\XmlSerializableSortableGenericList.csproj", "{63BC3CFC-BE52-4CBB-899E-235D81AFABF1}"
EndProject
Project("{FAE04EC0-301F-11D3-BF4B-00C04F79EFBC}") = "XMLSerializer", "OxigenIIXMLSerializer\XMLSerializer.csproj", "{905FC382-9356-4BD1-9F66-0947A6F2FC57}"
EndProject
Project("{FAE04EC0-301F-11D3-BF4B-00C04F79EFBC}") = "LibraryTester", "LibraryTester\LibraryTester.csproj", "{8DAEB202-482A-450C-9B17-A06F336AFEA5}"
EndProject
Project("{FAE04EC0-301F-11D3-BF4B-00C04F79EFBC}") = "TestProject", "TestProject\TestProject.csproj", "{2A724EB0-4194-45EE-8714-BE354BB03B6B}"
EndProject
Project("{2150E333-8FDC-42A3-9474-1A3956D46DE8}") = "Solution Items", "Solution Items", "{85DD4A3B-BB0F-4D32-B720-834767B54DDF}"
	ProjectSection(SolutionItems) = preProject
		LocalTestRun.testrunconfig = LocalTestRun.testrunconfig
		OxigenIIAdvertising.vsmdi = OxigenIIAdvertising.vsmdi
	EndProjectSection
EndProject
Global
	GlobalSection(TeamFoundationVersionControl) = preSolution
		SccNumberOfProjects = 93
		SccEnterpriseProvider = {4CA58AB2-18FA-4F8D-95D4-32DDF27D184C}
		SccTeamFoundationServer = http://tfs-server.obs-group.co.uk:8080/
		SccLocalPath0 = .
		SccProjectUniqueName1 = OxigenIIAdvertList\\AdvertList.csproj
		SccProjectName1 = OxigenIIAdvertList
		SccLocalPath1 = OxigenIIAdvertList
		SccProjectUniqueName2 = AssetLevel\\AssetLevel.csproj
		SccProjectName2 = AssetLevel
		SccLocalPath2 = AssetLevel
		SccProjectUniqueName3 = Assets\\Assets.csproj
		SccProjectName3 = Assets
		SccLocalPath3 = Assets
		SccProjectUniqueName4 = OxigenIIAssetScheduling\\AssetScheduling.csproj
		SccProjectName4 = OxigenIIAssetScheduling
		SccLocalPath4 = OxigenIIAssetScheduling
		SccProjectUniqueName5 = OxigenIIAssetType\\AssetType.csproj
		SccProjectName5 = OxigenIIAssetType
		SccLocalPath5 = OxigenIIAssetType
		SccProjectUniqueName6 = BLHost\\BLHost.csproj
		SccProjectName6 = BLHost
		SccLocalPath6 = BLHost
		SccProjectUniqueName7 = BLHostService\\BLHostService.csproj
		SccProjectName7 = BLHostService
		SccLocalPath7 = BLHostService
		SccProjectUniqueName8 = BoolContainerLib\\BoolContainerLib.csproj
		SccProjectName8 = BoolContainerLib
		SccLocalPath8 = BoolContainerLib
		SccProjectUniqueName9 = OxigenIIChannelData\\ChannelData.csproj
		SccProjectName9 = OxigenIIChannelData
		SccLocalPath9 = OxigenIIChannelData
		SccProjectUniqueName10 = ChannelDatabaseToRelayUploaderLib\\ChannelDatabaseToRelayUploaderLib.csproj
		SccProjectName10 = ChannelDatabaseToRelayUploaderLib
		SccLocalPath10 = ChannelDatabaseToRelayUploaderLib
		SccProjectUniqueName11 = ChannelDatabaseToRelayUploaderSvc\\ChannelDatabaseToRelayUploaderSvc.csproj
		SccProjectName11 = ChannelDatabaseToRelayUploaderSvc
		SccLocalPath11 = ChannelDatabaseToRelayUploaderSvc
		SccProjectUniqueName12 = OxigenIIChannelSubscriptions\\ChannelSubscriptions.csproj
		SccProjectName12 = OxigenIIChannelSubscriptions
		SccLocalPath12 = OxigenIIChannelSubscriptions
		SccProjectUniqueName13 = OxigenIIContentExchanger\\ContentExchanger.csproj
		SccProjectName13 = OxigenIIContentExchanger
		SccLocalPath13 = OxigenIIContentExchanger
		SccProjectUniqueName14 = DAHost\\DAHost.csproj
		SccProjectName14 = DAHost
		SccLocalPath14 = DAHost
		SccProjectUniqueName15 = DAHostService\\DAHostService.csproj
		SccProjectName15 = DAHostService
		SccLocalPath15 = DAHostService
		SccProjectUniqueName16 = DataAccess\\DataAccess.csproj
		SccProjectName16 = DataAccess
		SccLocalPath16 = DataAccess
		SccProjectUniqueName17 = DataAggregators\\DataAggregators.csproj
		SccProjectName17 = DataAggregators
		SccLocalPath17 = DataAggregators
		SccProjectUniqueName18 = OxigenIIDemographicData\\DemographicData.csproj
		SccProjectName18 = OxigenIIDemographicData
		SccLocalPath18 = OxigenIIDemographicData
		SccProjectUniqueName19 = DemographicRange\\DemographicRange.csproj
		SccProjectName19 = DemographicRange
		SccLocalPath19 = DemographicRange
		SccProjectUniqueName20 = EncryptionDecryption\\EncryptionDecryption.csproj
		SccProjectName20 = EncryptionDecryption
		SccLocalPath20 = EncryptionDecryption
		SccProjectUniqueName21 = OxigenIIExceptions\\Exceptions.csproj
		SccProjectName21 = OxigenIIExceptions
		SccLocalPath21 = OxigenIIExceptions
		SccProjectUniqueName22 = FileChecksumCalculator\\FileChecksumCalculator\\FileChecksumCalculator.csproj
		SccProjectName22 = FileChecksumCalculator/FileChecksumCalculator
		SccLocalPath22 = FileChecksumCalculator\\FileChecksumCalculator
		SccProjectUniqueName23 = FileLocker\\FileLocker.csproj
		SccProjectName23 = FileLocker
		SccLocalPath23 = FileLocker
		SccProjectUniqueName24 = FilenameMakerLib\\FilenameMakerLib.csproj
		SccProjectName24 = FilenameMakerLib
		SccLocalPath24 = FilenameMakerLib
		SccProjectUniqueName25 = FileRightsChecker\\FileRightsChecker.csproj
		SccProjectName25 = FileRightsChecker
		SccLocalPath25 = FileRightsChecker
		SccProjectUniqueName26 = FlatAggregatedLogStructures\\FlatAggregatedLogStructures.csproj
		SccProjectName26 = FlatAggregatedLogStructures
		SccLocalPath26 = FlatAggregatedLogStructures
		SccProjectUniqueName27 = OxigenIIGeneralData\\GeneralData.csproj
		SccProjectName27 = OxigenIIGeneralData
		SccLocalPath27 = OxigenIIGeneralData
		SccProjectUniqueName28 = OxigenIIInclusionExclusionRules\\InclusionExclusionRules.csproj
		SccProjectName28 = OxigenIIInclusionExclusionRules
		SccLocalPath28 = OxigenIIInclusionExclusionRules
		SccProjectUniqueName29 = InterCommunicationStructures\\InterCommunicationStructures.csproj
		SccProjectName29 = InterCommunicationStructures
		SccLocalPath29 = InterCommunicationStructures
		SccProjectUniqueName30 = InternetConnectionCheck\\InternetConnectionCheck.csproj
		SccProjectName30 = InternetConnectionCheck
		SccLocalPath30 = InternetConnectionCheck
		SccProjectUniqueName31 = LinqToHashSet\\LinqToHashSet.csproj
		SccProjectName31 = LinqToHashSet
		SccLocalPath31 = LinqToHashSet
		SccProjectUniqueName32 = OxigenIILogEntry\\LogEntry.csproj
		SccProjectName32 = OxigenIILogEntry
		SccLocalPath32 = OxigenIILogEntry
		SccProjectUniqueName33 = OxigenIILogExchanger\\LogExchanger.csproj
		SccProjectName33 = OxigenIILogExchanger
		SccLocalPath33 = OxigenIILogExchanger
		SccProjectUniqueName34 = OxigenIILogFileReader\\LogFileReader.csproj
		SccProjectName34 = OxigenIILogFileReader
		SccLocalPath34 = OxigenIILogFileReader
		SccProjectUniqueName35 = LogFileWriter\\LogFileWriter.csproj
		SccProjectName35 = LogFileWriter
		SccLocalPath35 = LogFileWriter
		SccProjectUniqueName36 = OxigenIILoggerInfo\\LoggerInfo.csproj
		SccProjectName36 = OxigenIILoggerInfo
		SccLocalPath36 = OxigenIILoggerInfo
		SccProjectUniqueName37 = OxigenIILogManipulator\\LogManipulator.csproj
		SccProjectName37 = OxigenIILogManipulator
		SccLocalPath37 = OxigenIILogManipulator
		SccProjectUniqueName38 = LogWriteOperations\\LogSingletonAccessor.csproj
		SccProjectName38 = LogWriteOperations
		SccLocalPath38 = LogWriteOperations
		SccProjectUniqueName39 = OxigenIILogStats\\LogStats.csproj
		SccProjectName39 = OxigenIILogStats
		SccLocalPath39 = OxigenIILogStats
		SccProjectUniqueName40 = MasterDataMarshallerService\\MasterDataMarshallerService.csproj
		SccProjectName40 = MasterDataMarshallerService
		SccLocalPath40 = MasterDataMarshallerService
		SccProjectUniqueName41 = NoAssetsAnimator\\NoAssetsAnimator.csproj
		SccProjectName41 = NoAssetsAnimator
		SccLocalPath41 = NoAssetsAnimator
		SccProjectUniqueName42 = OxigenHeartbeatAggregator\\OxigenHeartbeatAggregator.csproj
		SccProjectName42 = OxigenHeartbeatAggregator
		SccLocalPath42 = OxigenHeartbeatAggregator
		SccProjectUniqueName43 = OxigenIIBLService\\OxigenIIBLService.csproj
		SccProjectName43 = OxigenIIBLService
		SccLocalPath43 = OxigenIIBLService
		SccProjectUniqueName44 = OxigenIIDAClient\\OxigenIIDAClient.csproj
		SccProjectName44 = OxigenIIDAClient
		SccLocalPath44 = OxigenIIDAClient
		SccProjectUniqueName45 = OxigenIIDAContracts\\OxigenIIDAContracts.csproj
		SccProjectName45 = OxigenIIDAContracts
		SccLocalPath45 = OxigenIIDAContracts
		SccProjectUniqueName46 = OxigenIIDAServices\\OxigenIIDAServices.csproj
		SccProjectName46 = OxigenIIDAServices
		SccLocalPath46 = OxigenIIDAServices
		SccProjectUniqueName47 = OxigenIIMasterDataMarContracts\\OxigenIIMasterDataMarContracts.csproj
		SccProjectName47 = OxigenIIMasterDataMarContracts
		SccLocalPath47 = OxigenIIMasterDataMarContracts
		SccProjectUniqueName48 = OxigenIIMasterDataMarServices\\OxigenIIMasterDataMarServices.csproj
		SccProjectName48 = OxigenIIMasterDataMarServices
		SccLocalPath48 = OxigenIIMasterDataMarServices
		SccProjectUniqueName49 = OxigenIIMasterDataMarshaller\\OxigenIIMasterDataMarshaller.csproj
		SccProjectName49 = OxigenIIMasterDataMarshaller
		SccLocalPath49 = OxigenIIMasterDataMarshaller
		SccProjectUniqueName50 = OxigenIIMasterDataMarshallerClient\\OxigenIIMasterDataMarshallerClient.csproj
		SccProjectName50 = OxigenIIMasterDataMarshallerClient
		SccLocalPath50 = OxigenIIMasterDataMarshallerClient
		SccProjectUniqueName51 = OxigenIIPresentation\\OxigenIIPresentation.csproj
		SccProjectName51 = OxigenIIPresentation
		SccLocalPath51 = OxigenIIPresentation
		SccProjectUniqueName52 = OxigenIIScreenSaver\\OxigenIIScreenSaver\\OxigenIIScreenSaver.csproj
		SccProjectName52 = OxigenIIScreenSaver/OxigenIIScreenSaver
		SccLocalPath52 = OxigenIIScreenSaver\\OxigenIIScreenSaver
		SccProjectUniqueName53 = OxigenIIScreenSaverConfig\\OxigenIIScreenSaverConfig.csproj
		SccProjectName53 = OxigenIIScreenSaverConfig
		SccLocalPath53 = OxigenIIScreenSaverConfig
		SccProjectUniqueName54 = OxigenIIServiceFactory\\OxigenIIServiceFactory.csproj
		SccProjectName54 = OxigenIIServiceFactory
		SccLocalPath54 = OxigenIIServiceFactory
		SccProjectUniqueName55 = OxigenIISitesBLClient\\OxigenIISitesBLClient.csproj
		SccProjectName55 = OxigenIISitesBLClient
		SccLocalPath55 = OxigenIISitesBLClient
		SccProjectUniqueName56 = OxigenIISitesBLContracts\\OxigenIISitesBLContracts.csproj
		SccProjectName56 = OxigenIISitesBLContracts
		SccLocalPath56 = OxigenIISitesBLContracts
		SccProjectUniqueName57 = OxigenIISitesBLServices\\OxigenIISitesBLServices.csproj
		SccProjectName57 = OxigenIISitesBLServices
		SccLocalPath57 = OxigenIISitesBLServices
		SccProjectUniqueName58 = OxigenIIStopwatch\\OxigenIIStopwatch.csproj
		SccProjectName58 = OxigenIIStopwatch
		SccLocalPath58 = OxigenIIStopwatch
		SccProjectUniqueName59 = OxigenIISSG\\OxigenIITray.csproj
		SccProjectName59 = OxigenIISSG
		SccLocalPath59 = OxigenIISSG
		SccProjectUniqueName60 = OxigenIIUserDataMarshaller\\OxigenIIUserDataMarshaller.csproj
		SccProjectName60 = OxigenIIUserDataMarshaller
		SccLocalPath60 = OxigenIIUserDataMarshaller
		SccProjectUniqueName61 = OxigenIIUserDataMarshallerClient\\OxigenIIUserDataMarshallerClient.csproj
		SccProjectName61 = OxigenIIUserDataMarshallerClient
		SccLocalPath61 = OxigenIIUserDataMarshallerClient
		SccProjectUniqueName62 = OxigenIIUserDataMarshallrContracts\\OxigenIIUserDataMarshallrContracts.csproj
		SccProjectName62 = OxigenIIUserDataMarshallrContracts
		SccLocalPath62 = OxigenIIUserDataMarshallrContracts
		SccProjectUniqueName63 = OxigenIIUserDataMarshallrService\\OxigenIIUserDataMarshallrService.csproj
		SccProjectName63 = OxigenIIUserDataMarshallrService
		SccLocalPath63 = OxigenIIUserDataMarshallrService
		SccProjectUniqueName64 = OxigenIIUserMgmtServices\\OxigenIIUserMgmtServices.csproj
		SccProjectName64 = OxigenIIUserMgmtServices
		SccLocalPath64 = OxigenIIUserMgmtServices
		SccProjectUniqueName65 = OxigenIIUserMgmtServicesClient\\OxigenIIUserMgmtServicesClient.csproj
		SccProjectName65 = OxigenIIUserMgmtServicesClient
		SccLocalPath65 = OxigenIIUserMgmtServicesClient
		SccProjectUniqueName66 = OxigenIIUserMgmtServicesContracts\\OxigenIIUserMgmtServicesContracts.csproj
		SccProjectName66 = OxigenIIUserMgmtServicesContracts
		SccLocalPath66 = OxigenIIUserMgmtServicesContracts
		SccProjectUniqueName67 = OxigenIIUserMgmtServicesService\\OxigenIIUserMgmtServicesService.csproj
		SccProjectName67 = OxigenIIUserMgmtServicesService
		SccLocalPath67 = OxigenIIUserMgmtServicesService
		SccProjectUniqueName68 = OxigenLogAggregator\\OxigenLogAggregator.csproj
		SccProjectName68 = OxigenLogAggregator
		SccLocalPath68 = OxigenLogAggregator
		SccProjectUniqueName69 = OxigenScreenSaverProductAggregator\\OxigenScreenSaverProductAggregator.csproj
		SccProjectName69 = OxigenScreenSaverProductAggregator
		SccLocalPath69 = OxigenScreenSaverProductAggregator
		SccProjectUniqueName70 = OxigenUninstallInfoAggregator\\OxigenUninstallInfoAggregator.csproj
		SccProjectName70 = OxigenUninstallInfoAggregator
		SccLocalPath70 = OxigenUninstallInfoAggregator
		SccProjectUniqueName71 = OxigenIIPlayerType\\PlayerType.csproj
		SccProjectName71 = OxigenIIPlayerType
		SccLocalPath71 = OxigenIIPlayerType
		SccProjectUniqueName72 = OxigenIIPlaylist\\Playlist.csproj
		SccProjectName72 = OxigenIIPlaylist
		SccLocalPath72 = OxigenIIPlaylist
		SccProjectUniqueName73 = PlaylistAssetPicker\\PlaylistAssetPicker.csproj
		SccProjectName73 = PlaylistAssetPicker
		SccLocalPath73 = PlaylistAssetPicker
		SccProjectUniqueName74 = OxigenIIPlaylistMaker\\PlaylistLogic.csproj
		SccProjectName74 = OxigenIIPlaylistMaker
		SccLocalPath74 = OxigenIIPlaylistMaker
		SccProjectUniqueName75 = ProxyClientBaseLib\\ProxyClientBaseLib.csproj
		SccProjectName75 = ProxyClientBaseLib
		SccLocalPath75 = ProxyClientBaseLib
		SccProjectUniqueName76 = RegexCompiler\\RegexCompiler.csproj
		SccProjectName76 = RegexCompiler
		SccLocalPath76 = RegexCompiler
		SccProjectUniqueName77 = RegistryAccess\\RegistryAccess.csproj
		SccProjectName77 = RegistryAccess
		SccLocalPath77 = RegistryAccess
		SccProjectUniqueName78 = OxigenIILogStructuresRaw\\ScreenSaverSingletons.csproj
		SccProjectName78 = OxigenIILogStructuresRaw
		SccLocalPath78 = OxigenIILogStructuresRaw
		SccProjectUniqueName79 = ServerCycleConnectAttempt\\ServerCycleConnectAttempt.csproj
		SccProjectName79 = ServerCycleConnectAttempt
		SccLocalPath79 = ServerCycleConnectAttempt
		SccProjectUniqueName80 = SimpleInstaller\\SimpleInstaller.csproj
		SccProjectName80 = SimpleInstaller
		SccLocalPath80 = SimpleInstaller
		SccProjectUniqueName81 = SOAStructures\\SOAStructures.csproj
		SccProjectName81 = SOAStructures
		SccLocalPath81 = SOAStructures
		SccProjectUniqueName82 = OxigenIISSGService\\SSGService.csproj
		SccProjectName82 = OxigenIISSGService
		SccLocalPath82 = OxigenIISSGService
		SccProjectUniqueName83 = OxigenIITaxonomySearch\\TaxonomySearch.csproj
		SccProjectName83 = OxigenIITaxonomySearch
		SccLocalPath83 = OxigenIITaxonomySearch
		SccProjectUniqueName84 = TimeSpanObjectWrapper\\TimeSpanObjectWrapper.csproj
		SccProjectName84 = TimeSpanObjectWrapper
		SccLocalPath84 = TimeSpanObjectWrapper
		SccProjectUniqueName85 = UserSettings\\UserSettings.csproj
		SccProjectName85 = UserSettings
		SccLocalPath85 = UserSettings
		SccProjectUniqueName86 = WCFErrorReporting\\WCFErrorReporting.csproj
		SccProjectName86 = WCFErrorReporting
		SccLocalPath86 = WCFErrorReporting
		SccProjectUniqueName87 = WindowsVersionDetection\\WindowsVersionDetection.csproj
		SccProjectName87 = WindowsVersionDetection
		SccLocalPath87 = WindowsVersionDetection
		SccProjectUniqueName88 = XmlSerializableGenericDictionary\\XmlSerializableGenericDictionary.csproj
		SccProjectName88 = XmlSerializableGenericDictionary
		SccLocalPath88 = XmlSerializableGenericDictionary
		SccProjectUniqueName89 = XmlSerializableSortableGenericList\\XmlSerializableSortableGenericList.csproj
		SccProjectName89 = XmlSerializableSortableGenericList
		SccLocalPath89 = XmlSerializableSortableGenericList
		SccProjectUniqueName90 = OxigenIIXMLSerializer\\XMLSerializer.csproj
		SccProjectName90 = OxigenIIXMLSerializer
		SccLocalPath90 = OxigenIIXMLSerializer
		SccProjectUniqueName91 = LibraryTester\\LibraryTester.csproj
		SccProjectName91 = LibraryTester
		SccLocalPath91 = LibraryTester
		SccProjectUniqueName92 = TestProject\\TestProject.csproj
		SccProjectName92 = TestProject
		SccLocalPath92 = TestProject
	EndGlobalSection
	GlobalSection(TestCaseManagementSettings) = postSolution
		CategoryFile = OxigenIIAdvertising.vsmdi
	EndGlobalSection
	GlobalSection(SolutionConfigurationPlatforms) = preSolution
		Debug|Any CPU = Debug|Any CPU
		Release|Any CPU = Release|Any CPU
	EndGlobalSection
	GlobalSection(ProjectConfigurationPlatforms) = postSolution
		{F5B3ECDB-7490-4303-8EDA-A0DFE79F0189}.Debug|Any CPU.ActiveCfg = Debug|Any CPU
		{F5B3ECDB-7490-4303-8EDA-A0DFE79F0189}.Debug|Any CPU.Build.0 = Debug|Any CPU
		{F5B3ECDB-7490-4303-8EDA-A0DFE79F0189}.Release|Any CPU.ActiveCfg = Release|Any CPU
		{F5B3ECDB-7490-4303-8EDA-A0DFE79F0189}.Release|Any CPU.Build.0 = Release|Any CPU
		{C27EBE2A-824A-41E9-9158-DBF7FDA8FDDF}.Debug|Any CPU.ActiveCfg = Debug|Any CPU
		{C27EBE2A-824A-41E9-9158-DBF7FDA8FDDF}.Debug|Any CPU.Build.0 = Debug|Any CPU
		{C27EBE2A-824A-41E9-9158-DBF7FDA8FDDF}.Release|Any CPU.ActiveCfg = Release|Any CPU
		{C27EBE2A-824A-41E9-9158-DBF7FDA8FDDF}.Release|Any CPU.Build.0 = Release|Any CPU
		{3736B130-0A0E-45C5-937A-9328DE0696E8}.Debug|Any CPU.ActiveCfg = Debug|Any CPU
		{3736B130-0A0E-45C5-937A-9328DE0696E8}.Debug|Any CPU.Build.0 = Debug|Any CPU
		{3736B130-0A0E-45C5-937A-9328DE0696E8}.Release|Any CPU.ActiveCfg = Release|Any CPU
		{3736B130-0A0E-45C5-937A-9328DE0696E8}.Release|Any CPU.Build.0 = Release|Any CPU
		{8D0E8EB0-A926-47C1-8F45-5FBEF3E5C845}.Debug|Any CPU.ActiveCfg = Debug|Any CPU
		{8D0E8EB0-A926-47C1-8F45-5FBEF3E5C845}.Debug|Any CPU.Build.0 = Debug|Any CPU
		{8D0E8EB0-A926-47C1-8F45-5FBEF3E5C845}.Release|Any CPU.ActiveCfg = Release|Any CPU
		{8D0E8EB0-A926-47C1-8F45-5FBEF3E5C845}.Release|Any CPU.Build.0 = Release|Any CPU
		{4C3A7708-300A-43F9-8D27-42CE3E132869}.Debug|Any CPU.ActiveCfg = Debug|Any CPU
		{4C3A7708-300A-43F9-8D27-42CE3E132869}.Debug|Any CPU.Build.0 = Debug|Any CPU
		{4C3A7708-300A-43F9-8D27-42CE3E132869}.Release|Any CPU.ActiveCfg = Release|Any CPU
		{4C3A7708-300A-43F9-8D27-42CE3E132869}.Release|Any CPU.Build.0 = Release|Any CPU
		{77ED4C6A-C4C1-447A-A9FA-D0EDEFD2AF27}.Debug|Any CPU.ActiveCfg = Debug|Any CPU
		{77ED4C6A-C4C1-447A-A9FA-D0EDEFD2AF27}.Debug|Any CPU.Build.0 = Debug|Any CPU
		{77ED4C6A-C4C1-447A-A9FA-D0EDEFD2AF27}.Release|Any CPU.ActiveCfg = Release|Any CPU
		{77ED4C6A-C4C1-447A-A9FA-D0EDEFD2AF27}.Release|Any CPU.Build.0 = Release|Any CPU
		{49F4A844-0E88-43D8-87B6-3ABA86A4DF16}.Debug|Any CPU.ActiveCfg = Debug|Any CPU
		{49F4A844-0E88-43D8-87B6-3ABA86A4DF16}.Debug|Any CPU.Build.0 = Debug|Any CPU
		{49F4A844-0E88-43D8-87B6-3ABA86A4DF16}.Release|Any CPU.ActiveCfg = Release|Any CPU
		{49F4A844-0E88-43D8-87B6-3ABA86A4DF16}.Release|Any CPU.Build.0 = Release|Any CPU
		{4998F27D-0B97-4DF3-9810-E38BF3B2068B}.Debug|Any CPU.ActiveCfg = Debug|Any CPU
		{4998F27D-0B97-4DF3-9810-E38BF3B2068B}.Debug|Any CPU.Build.0 = Debug|Any CPU
		{4998F27D-0B97-4DF3-9810-E38BF3B2068B}.Release|Any CPU.ActiveCfg = Release|Any CPU
		{4998F27D-0B97-4DF3-9810-E38BF3B2068B}.Release|Any CPU.Build.0 = Release|Any CPU
		{5DF6DC54-E02D-47A8-B74D-C89F9E944687}.Debug|Any CPU.ActiveCfg = Debug|Any CPU
		{5DF6DC54-E02D-47A8-B74D-C89F9E944687}.Debug|Any CPU.Build.0 = Debug|Any CPU
		{5DF6DC54-E02D-47A8-B74D-C89F9E944687}.Release|Any CPU.ActiveCfg = Release|Any CPU
		{5DF6DC54-E02D-47A8-B74D-C89F9E944687}.Release|Any CPU.Build.0 = Release|Any CPU
		{35E4B18E-770E-4756-B824-B47BD4C56EB0}.Debug|Any CPU.ActiveCfg = Debug|Any CPU
		{35E4B18E-770E-4756-B824-B47BD4C56EB0}.Debug|Any CPU.Build.0 = Debug|Any CPU
		{35E4B18E-770E-4756-B824-B47BD4C56EB0}.Release|Any CPU.ActiveCfg = Release|Any CPU
		{35E4B18E-770E-4756-B824-B47BD4C56EB0}.Release|Any CPU.Build.0 = Release|Any CPU
		{DB5BD0D0-8542-4C91-9929-D58A1159D2C4}.Debug|Any CPU.ActiveCfg = Debug|Any CPU
		{DB5BD0D0-8542-4C91-9929-D58A1159D2C4}.Debug|Any CPU.Build.0 = Debug|Any CPU
		{DB5BD0D0-8542-4C91-9929-D58A1159D2C4}.Release|Any CPU.ActiveCfg = Release|Any CPU
		{DB5BD0D0-8542-4C91-9929-D58A1159D2C4}.Release|Any CPU.Build.0 = Release|Any CPU
		{CF9C9E18-82B5-4870-9510-DFD781B7A7F0}.Debug|Any CPU.ActiveCfg = Debug|Any CPU
		{CF9C9E18-82B5-4870-9510-DFD781B7A7F0}.Debug|Any CPU.Build.0 = Debug|Any CPU
		{CF9C9E18-82B5-4870-9510-DFD781B7A7F0}.Release|Any CPU.ActiveCfg = Release|Any CPU
		{CF9C9E18-82B5-4870-9510-DFD781B7A7F0}.Release|Any CPU.Build.0 = Release|Any CPU
		{BC84B1F8-B3E8-48B5-93B5-EA1871CBF4C3}.Debug|Any CPU.ActiveCfg = Debug|Any CPU
		{BC84B1F8-B3E8-48B5-93B5-EA1871CBF4C3}.Debug|Any CPU.Build.0 = Debug|Any CPU
		{BC84B1F8-B3E8-48B5-93B5-EA1871CBF4C3}.Release|Any CPU.ActiveCfg = Release|Any CPU
		{BC84B1F8-B3E8-48B5-93B5-EA1871CBF4C3}.Release|Any CPU.Build.0 = Release|Any CPU
		{4BFB76CE-EE70-4A7D-B70F-9A13E05AF1BE}.Debug|Any CPU.ActiveCfg = Debug|Any CPU
		{4BFB76CE-EE70-4A7D-B70F-9A13E05AF1BE}.Debug|Any CPU.Build.0 = Debug|Any CPU
		{4BFB76CE-EE70-4A7D-B70F-9A13E05AF1BE}.Release|Any CPU.ActiveCfg = Release|Any CPU
		{4BFB76CE-EE70-4A7D-B70F-9A13E05AF1BE}.Release|Any CPU.Build.0 = Release|Any CPU
		{29657AD1-63BF-48D6-90FA-EE20A3F2FA2F}.Debug|Any CPU.ActiveCfg = Debug|Any CPU
		{29657AD1-63BF-48D6-90FA-EE20A3F2FA2F}.Debug|Any CPU.Build.0 = Debug|Any CPU
		{29657AD1-63BF-48D6-90FA-EE20A3F2FA2F}.Release|Any CPU.ActiveCfg = Release|Any CPU
		{29657AD1-63BF-48D6-90FA-EE20A3F2FA2F}.Release|Any CPU.Build.0 = Release|Any CPU
		{F50C29A8-6B88-436F-A938-61166E695483}.Debug|Any CPU.ActiveCfg = Debug|Any CPU
		{F50C29A8-6B88-436F-A938-61166E695483}.Debug|Any CPU.Build.0 = Debug|Any CPU
		{F50C29A8-6B88-436F-A938-61166E695483}.Release|Any CPU.ActiveCfg = Release|Any CPU
		{F50C29A8-6B88-436F-A938-61166E695483}.Release|Any CPU.Build.0 = Release|Any CPU
		{B7A47AB8-1E9A-4D10-9C68-23D7F8E1CF56}.Debug|Any CPU.ActiveCfg = Debug|Any CPU
		{B7A47AB8-1E9A-4D10-9C68-23D7F8E1CF56}.Debug|Any CPU.Build.0 = Debug|Any CPU
		{B7A47AB8-1E9A-4D10-9C68-23D7F8E1CF56}.Release|Any CPU.ActiveCfg = Release|Any CPU
		{B7A47AB8-1E9A-4D10-9C68-23D7F8E1CF56}.Release|Any CPU.Build.0 = Release|Any CPU
		{405D3C86-4D83-4FC9-8842-8D88C0398B99}.Debug|Any CPU.ActiveCfg = Debug|Any CPU
		{405D3C86-4D83-4FC9-8842-8D88C0398B99}.Debug|Any CPU.Build.0 = Debug|Any CPU
		{405D3C86-4D83-4FC9-8842-8D88C0398B99}.Release|Any CPU.ActiveCfg = Release|Any CPU
		{405D3C86-4D83-4FC9-8842-8D88C0398B99}.Release|Any CPU.Build.0 = Release|Any CPU
		{25FE3B01-651A-4F05-8834-A9AED77AE034}.Debug|Any CPU.ActiveCfg = Debug|Any CPU
		{25FE3B01-651A-4F05-8834-A9AED77AE034}.Debug|Any CPU.Build.0 = Debug|Any CPU
		{25FE3B01-651A-4F05-8834-A9AED77AE034}.Release|Any CPU.ActiveCfg = Release|Any CPU
		{25FE3B01-651A-4F05-8834-A9AED77AE034}.Release|Any CPU.Build.0 = Release|Any CPU
		{940650B2-518E-49B2-B716-22B3737731D7}.Debug|Any CPU.ActiveCfg = Debug|Any CPU
		{940650B2-518E-49B2-B716-22B3737731D7}.Debug|Any CPU.Build.0 = Debug|Any CPU
		{940650B2-518E-49B2-B716-22B3737731D7}.Release|Any CPU.ActiveCfg = Release|Any CPU
		{940650B2-518E-49B2-B716-22B3737731D7}.Release|Any CPU.Build.0 = Release|Any CPU
		{0AA05276-8AB0-4F73-B5CC-5A8BC120FB18}.Debug|Any CPU.ActiveCfg = Debug|Any CPU
		{0AA05276-8AB0-4F73-B5CC-5A8BC120FB18}.Debug|Any CPU.Build.0 = Debug|Any CPU
		{0AA05276-8AB0-4F73-B5CC-5A8BC120FB18}.Release|Any CPU.ActiveCfg = Release|Any CPU
		{0AA05276-8AB0-4F73-B5CC-5A8BC120FB18}.Release|Any CPU.Build.0 = Release|Any CPU
		{9336AE54-20DB-468F-93BA-837CDAB30221}.Debug|Any CPU.ActiveCfg = Debug|Any CPU
		{9336AE54-20DB-468F-93BA-837CDAB30221}.Debug|Any CPU.Build.0 = Debug|Any CPU
		{9336AE54-20DB-468F-93BA-837CDAB30221}.Release|Any CPU.ActiveCfg = Release|Any CPU
		{9336AE54-20DB-468F-93BA-837CDAB30221}.Release|Any CPU.Build.0 = Release|Any CPU
		{44C9638A-0FF7-4D62-B2E3-8174FA7D7530}.Debug|Any CPU.ActiveCfg = Debug|Any CPU
		{44C9638A-0FF7-4D62-B2E3-8174FA7D7530}.Debug|Any CPU.Build.0 = Debug|Any CPU
		{44C9638A-0FF7-4D62-B2E3-8174FA7D7530}.Release|Any CPU.ActiveCfg = Release|Any CPU
		{44C9638A-0FF7-4D62-B2E3-8174FA7D7530}.Release|Any CPU.Build.0 = Release|Any CPU
		{17060F4B-F9EE-4C1E-A787-F1F1F7F7A5F2}.Debug|Any CPU.ActiveCfg = Debug|Any CPU
		{17060F4B-F9EE-4C1E-A787-F1F1F7F7A5F2}.Debug|Any CPU.Build.0 = Debug|Any CPU
		{17060F4B-F9EE-4C1E-A787-F1F1F7F7A5F2}.Release|Any CPU.ActiveCfg = Release|Any CPU
		{17060F4B-F9EE-4C1E-A787-F1F1F7F7A5F2}.Release|Any CPU.Build.0 = Release|Any CPU
		{698CC733-76C2-4425-921C-A2EE1609F986}.Debug|Any CPU.ActiveCfg = Debug|Any CPU
		{698CC733-76C2-4425-921C-A2EE1609F986}.Debug|Any CPU.Build.0 = Debug|Any CPU
		{698CC733-76C2-4425-921C-A2EE1609F986}.Release|Any CPU.ActiveCfg = Release|Any CPU
		{698CC733-76C2-4425-921C-A2EE1609F986}.Release|Any CPU.Build.0 = Release|Any CPU
		{65200738-FA6B-4ACE-8671-A93B4495AD08}.Debug|Any CPU.ActiveCfg = Debug|Any CPU
		{65200738-FA6B-4ACE-8671-A93B4495AD08}.Debug|Any CPU.Build.0 = Debug|Any CPU
		{65200738-FA6B-4ACE-8671-A93B4495AD08}.Release|Any CPU.ActiveCfg = Release|Any CPU
		{65200738-FA6B-4ACE-8671-A93B4495AD08}.Release|Any CPU.Build.0 = Release|Any CPU
		{FEBA9756-1135-44EA-9F8C-59FD30F64EA3}.Debug|Any CPU.ActiveCfg = Debug|Any CPU
		{FEBA9756-1135-44EA-9F8C-59FD30F64EA3}.Debug|Any CPU.Build.0 = Debug|Any CPU
		{FEBA9756-1135-44EA-9F8C-59FD30F64EA3}.Release|Any CPU.ActiveCfg = Release|Any CPU
		{FEBA9756-1135-44EA-9F8C-59FD30F64EA3}.Release|Any CPU.Build.0 = Release|Any CPU
		{F8A597E4-9B88-49A0-901A-B6F507037FA2}.Debug|Any CPU.ActiveCfg = Debug|Any CPU
		{F8A597E4-9B88-49A0-901A-B6F507037FA2}.Debug|Any CPU.Build.0 = Debug|Any CPU
		{F8A597E4-9B88-49A0-901A-B6F507037FA2}.Release|Any CPU.ActiveCfg = Release|Any CPU
		{F8A597E4-9B88-49A0-901A-B6F507037FA2}.Release|Any CPU.Build.0 = Release|Any CPU
		{50DAC8FF-4F6B-44FD-8875-50E65CD736B3}.Debug|Any CPU.ActiveCfg = Debug|Any CPU
		{50DAC8FF-4F6B-44FD-8875-50E65CD736B3}.Debug|Any CPU.Build.0 = Debug|Any CPU
		{50DAC8FF-4F6B-44FD-8875-50E65CD736B3}.Release|Any CPU.ActiveCfg = Release|Any CPU
		{50DAC8FF-4F6B-44FD-8875-50E65CD736B3}.Release|Any CPU.Build.0 = Release|Any CPU
		{E9D6DAD1-9746-4508-A095-7BB7D2173113}.Debug|Any CPU.ActiveCfg = Debug|Any CPU
		{E9D6DAD1-9746-4508-A095-7BB7D2173113}.Debug|Any CPU.Build.0 = Debug|Any CPU
		{E9D6DAD1-9746-4508-A095-7BB7D2173113}.Release|Any CPU.ActiveCfg = Release|Any CPU
		{E9D6DAD1-9746-4508-A095-7BB7D2173113}.Release|Any CPU.Build.0 = Release|Any CPU
		{4983D647-18D3-40DE-B15C-555D3E411244}.Debug|Any CPU.ActiveCfg = Debug|Any CPU
		{4983D647-18D3-40DE-B15C-555D3E411244}.Debug|Any CPU.Build.0 = Debug|Any CPU
		{4983D647-18D3-40DE-B15C-555D3E411244}.Release|Any CPU.ActiveCfg = Release|Any CPU
		{4983D647-18D3-40DE-B15C-555D3E411244}.Release|Any CPU.Build.0 = Release|Any CPU
		{7E51006D-BB71-41F0-BDB5-480FDDD1C5FC}.Debug|Any CPU.ActiveCfg = Debug|Any CPU
		{7E51006D-BB71-41F0-BDB5-480FDDD1C5FC}.Debug|Any CPU.Build.0 = Debug|Any CPU
		{7E51006D-BB71-41F0-BDB5-480FDDD1C5FC}.Release|Any CPU.ActiveCfg = Release|Any CPU
		{7E51006D-BB71-41F0-BDB5-480FDDD1C5FC}.Release|Any CPU.Build.0 = Release|Any CPU
		{7ACC96A8-7971-4BC4-A966-FEF078E91139}.Debug|Any CPU.ActiveCfg = Debug|Any CPU
		{7ACC96A8-7971-4BC4-A966-FEF078E91139}.Debug|Any CPU.Build.0 = Debug|Any CPU
		{7ACC96A8-7971-4BC4-A966-FEF078E91139}.Release|Any CPU.ActiveCfg = Release|Any CPU
		{7ACC96A8-7971-4BC4-A966-FEF078E91139}.Release|Any CPU.Build.0 = Release|Any CPU
		{9DE93E99-A928-42A4-B397-20B9F15FF4F3}.Debug|Any CPU.ActiveCfg = Debug|Any CPU
		{9DE93E99-A928-42A4-B397-20B9F15FF4F3}.Debug|Any CPU.Build.0 = Debug|Any CPU
		{9DE93E99-A928-42A4-B397-20B9F15FF4F3}.Release|Any CPU.ActiveCfg = Release|Any CPU
		{9DE93E99-A928-42A4-B397-20B9F15FF4F3}.Release|Any CPU.Build.0 = Release|Any CPU
		{2FDFB1A6-A7C5-4B2E-AD45-B002E9222370}.Debug|Any CPU.ActiveCfg = Debug|Any CPU
		{2FDFB1A6-A7C5-4B2E-AD45-B002E9222370}.Debug|Any CPU.Build.0 = Debug|Any CPU
		{2FDFB1A6-A7C5-4B2E-AD45-B002E9222370}.Release|Any CPU.ActiveCfg = Release|Any CPU
		{2FDFB1A6-A7C5-4B2E-AD45-B002E9222370}.Release|Any CPU.Build.0 = Release|Any CPU
		{24134EAF-1B5B-4329-9071-15629067E98D}.Debug|Any CPU.ActiveCfg = Debug|Any CPU
		{24134EAF-1B5B-4329-9071-15629067E98D}.Debug|Any CPU.Build.0 = Debug|Any CPU
		{24134EAF-1B5B-4329-9071-15629067E98D}.Release|Any CPU.ActiveCfg = Release|Any CPU
		{24134EAF-1B5B-4329-9071-15629067E98D}.Release|Any CPU.Build.0 = Release|Any CPU
		{8345B05C-2F86-4E34-97FE-7F59FC983C40}.Debug|Any CPU.ActiveCfg = Debug|Any CPU
		{8345B05C-2F86-4E34-97FE-7F59FC983C40}.Debug|Any CPU.Build.0 = Debug|Any CPU
		{8345B05C-2F86-4E34-97FE-7F59FC983C40}.Release|Any CPU.ActiveCfg = Release|Any CPU
		{8345B05C-2F86-4E34-97FE-7F59FC983C40}.Release|Any CPU.Build.0 = Release|Any CPU
		{BD4D0664-9B0D-49BE-BED4-E4AC23D2F909}.Debug|Any CPU.ActiveCfg = Debug|Any CPU
		{BD4D0664-9B0D-49BE-BED4-E4AC23D2F909}.Debug|Any CPU.Build.0 = Debug|Any CPU
		{BD4D0664-9B0D-49BE-BED4-E4AC23D2F909}.Release|Any CPU.ActiveCfg = Release|Any CPU
		{BD4D0664-9B0D-49BE-BED4-E4AC23D2F909}.Release|Any CPU.Build.0 = Release|Any CPU
		{02CE096A-08E3-472F-A8B9-0C8DE4C29D6F}.Debug|Any CPU.ActiveCfg = Debug|Any CPU
		{02CE096A-08E3-472F-A8B9-0C8DE4C29D6F}.Debug|Any CPU.Build.0 = Debug|Any CPU
		{02CE096A-08E3-472F-A8B9-0C8DE4C29D6F}.Release|Any CPU.ActiveCfg = Release|Any CPU
		{02CE096A-08E3-472F-A8B9-0C8DE4C29D6F}.Release|Any CPU.Build.0 = Release|Any CPU
		{0DD423AA-9010-44A7-9288-4DD922B33B2F}.Debug|Any CPU.ActiveCfg = Debug|Any CPU
		{0DD423AA-9010-44A7-9288-4DD922B33B2F}.Debug|Any CPU.Build.0 = Debug|Any CPU
		{0DD423AA-9010-44A7-9288-4DD922B33B2F}.Release|Any CPU.ActiveCfg = Release|Any CPU
		{0DD423AA-9010-44A7-9288-4DD922B33B2F}.Release|Any CPU.Build.0 = Release|Any CPU
		{1545A1E9-4F46-4214-89DA-F796F6DC9955}.Debug|Any CPU.ActiveCfg = Debug|Any CPU
		{1545A1E9-4F46-4214-89DA-F796F6DC9955}.Debug|Any CPU.Build.0 = Debug|Any CPU
		{1545A1E9-4F46-4214-89DA-F796F6DC9955}.Release|Any CPU.ActiveCfg = Release|Any CPU
		{1545A1E9-4F46-4214-89DA-F796F6DC9955}.Release|Any CPU.Build.0 = Release|Any CPU
		{06212163-8BDA-4BB2-B8DB-7DF1EBB4F251}.Debug|Any CPU.ActiveCfg = Debug|Any CPU
		{06212163-8BDA-4BB2-B8DB-7DF1EBB4F251}.Debug|Any CPU.Build.0 = Debug|Any CPU
		{06212163-8BDA-4BB2-B8DB-7DF1EBB4F251}.Release|Any CPU.ActiveCfg = Release|Any CPU
		{06212163-8BDA-4BB2-B8DB-7DF1EBB4F251}.Release|Any CPU.Build.0 = Release|Any CPU
		{82BE9749-9559-4E0B-81C3-62B63C638A79}.Debug|Any CPU.ActiveCfg = Debug|Any CPU
		{82BE9749-9559-4E0B-81C3-62B63C638A79}.Debug|Any CPU.Build.0 = Debug|Any CPU
		{82BE9749-9559-4E0B-81C3-62B63C638A79}.Release|Any CPU.ActiveCfg = Release|Any CPU
		{82BE9749-9559-4E0B-81C3-62B63C638A79}.Release|Any CPU.Build.0 = Release|Any CPU
		{F3C5651C-ABA0-4582-BE0D-4F99930FC9C7}.Debug|Any CPU.ActiveCfg = Debug|Any CPU
		{F3C5651C-ABA0-4582-BE0D-4F99930FC9C7}.Debug|Any CPU.Build.0 = Debug|Any CPU
		{F3C5651C-ABA0-4582-BE0D-4F99930FC9C7}.Release|Any CPU.ActiveCfg = Release|Any CPU
		{F3C5651C-ABA0-4582-BE0D-4F99930FC9C7}.Release|Any CPU.Build.0 = Release|Any CPU
		{DB4F6039-D5CB-456D-836E-B6307EFD7D4D}.Debug|Any CPU.ActiveCfg = Debug|Any CPU
		{DB4F6039-D5CB-456D-836E-B6307EFD7D4D}.Debug|Any CPU.Build.0 = Debug|Any CPU
		{DB4F6039-D5CB-456D-836E-B6307EFD7D4D}.Release|Any CPU.ActiveCfg = Release|Any CPU
		{DB4F6039-D5CB-456D-836E-B6307EFD7D4D}.Release|Any CPU.Build.0 = Release|Any CPU
		{4D6199B0-9088-48EA-9C0A-6F5655216D7E}.Debug|Any CPU.ActiveCfg = Debug|Any CPU
		{4D6199B0-9088-48EA-9C0A-6F5655216D7E}.Debug|Any CPU.Build.0 = Debug|Any CPU
		{4D6199B0-9088-48EA-9C0A-6F5655216D7E}.Release|Any CPU.ActiveCfg = Release|Any CPU
		{4D6199B0-9088-48EA-9C0A-6F5655216D7E}.Release|Any CPU.Build.0 = Release|Any CPU
		{5BFF8C38-3902-49AE-88B9-C5E53727A019}.Debug|Any CPU.ActiveCfg = Debug|Any CPU
		{5BFF8C38-3902-49AE-88B9-C5E53727A019}.Debug|Any CPU.Build.0 = Debug|Any CPU
		{5BFF8C38-3902-49AE-88B9-C5E53727A019}.Release|Any CPU.ActiveCfg = Release|Any CPU
		{5BFF8C38-3902-49AE-88B9-C5E53727A019}.Release|Any CPU.Build.0 = Release|Any CPU
		{3B175112-1459-4518-87DB-7720518C8126}.Debug|Any CPU.ActiveCfg = Debug|Any CPU
		{3B175112-1459-4518-87DB-7720518C8126}.Debug|Any CPU.Build.0 = Debug|Any CPU
		{3B175112-1459-4518-87DB-7720518C8126}.Release|Any CPU.ActiveCfg = Release|Any CPU
		{3B175112-1459-4518-87DB-7720518C8126}.Release|Any CPU.Build.0 = Release|Any CPU
		{9254A344-1530-4B91-AEC8-3B662CE3E56B}.Debug|Any CPU.ActiveCfg = Debug|Any CPU
		{9254A344-1530-4B91-AEC8-3B662CE3E56B}.Debug|Any CPU.Build.0 = Debug|Any CPU
		{9254A344-1530-4B91-AEC8-3B662CE3E56B}.Release|Any CPU.ActiveCfg = Release|Any CPU
		{9254A344-1530-4B91-AEC8-3B662CE3E56B}.Release|Any CPU.Build.0 = Release|Any CPU
		{E2B3DCB0-1DFF-4D70-BE92-4CFAA93986AB}.Debug|Any CPU.ActiveCfg = Debug|Any CPU
		{E2B3DCB0-1DFF-4D70-BE92-4CFAA93986AB}.Debug|Any CPU.Build.0 = Debug|Any CPU
		{E2B3DCB0-1DFF-4D70-BE92-4CFAA93986AB}.Release|Any CPU.ActiveCfg = Release|Any CPU
		{E2B3DCB0-1DFF-4D70-BE92-4CFAA93986AB}.Release|Any CPU.Build.0 = Release|Any CPU
		{EF2E77E6-6434-4467-B199-6038BA279460}.Debug|Any CPU.ActiveCfg = Debug|Any CPU
		{EF2E77E6-6434-4467-B199-6038BA279460}.Debug|Any CPU.Build.0 = Debug|Any CPU
		{EF2E77E6-6434-4467-B199-6038BA279460}.Release|Any CPU.ActiveCfg = Release|Any CPU
		{EF2E77E6-6434-4467-B199-6038BA279460}.Release|Any CPU.Build.0 = Release|Any CPU
		{144D6CA7-61A5-437F-880C-6D3591A5EBD4}.Debug|Any CPU.ActiveCfg = Debug|Any CPU
		{144D6CA7-61A5-437F-880C-6D3591A5EBD4}.Debug|Any CPU.Build.0 = Debug|Any CPU
		{144D6CA7-61A5-437F-880C-6D3591A5EBD4}.Release|Any CPU.ActiveCfg = Release|Any CPU
		{144D6CA7-61A5-437F-880C-6D3591A5EBD4}.Release|Any CPU.Build.0 = Release|Any CPU
		{EFF05119-8F47-48C8-9371-83C65B3F9400}.Debug|Any CPU.ActiveCfg = Debug|Any CPU
		{EFF05119-8F47-48C8-9371-83C65B3F9400}.Debug|Any CPU.Build.0 = Debug|Any CPU
		{EFF05119-8F47-48C8-9371-83C65B3F9400}.Release|Any CPU.ActiveCfg = Release|Any CPU
		{EFF05119-8F47-48C8-9371-83C65B3F9400}.Release|Any CPU.Build.0 = Release|Any CPU
		{DB429334-2D03-4AE9-9351-A0058F1EFE41}.Debug|Any CPU.ActiveCfg = Debug|Any CPU
		{DB429334-2D03-4AE9-9351-A0058F1EFE41}.Debug|Any CPU.Build.0 = Debug|Any CPU
		{DB429334-2D03-4AE9-9351-A0058F1EFE41}.Release|Any CPU.ActiveCfg = Release|Any CPU
		{DB429334-2D03-4AE9-9351-A0058F1EFE41}.Release|Any CPU.Build.0 = Release|Any CPU
		{83BBF96A-3E50-4944-AE2A-C4D4E409D01C}.Debug|Any CPU.ActiveCfg = Debug|Any CPU
		{83BBF96A-3E50-4944-AE2A-C4D4E409D01C}.Debug|Any CPU.Build.0 = Debug|Any CPU
		{83BBF96A-3E50-4944-AE2A-C4D4E409D01C}.Release|Any CPU.ActiveCfg = Release|Any CPU
		{83BBF96A-3E50-4944-AE2A-C4D4E409D01C}.Release|Any CPU.Build.0 = Release|Any CPU
		{BDA097A4-C673-444A-A4ED-3202357C65D7}.Debug|Any CPU.ActiveCfg = Debug|Any CPU
		{BDA097A4-C673-444A-A4ED-3202357C65D7}.Debug|Any CPU.Build.0 = Debug|Any CPU
		{BDA097A4-C673-444A-A4ED-3202357C65D7}.Release|Any CPU.ActiveCfg = Release|Any CPU
		{BDA097A4-C673-444A-A4ED-3202357C65D7}.Release|Any CPU.Build.0 = Release|Any CPU
		{BF3093AF-33DD-4A64-A87E-73FAF2CADD81}.Debug|Any CPU.ActiveCfg = Debug|Any CPU
		{BF3093AF-33DD-4A64-A87E-73FAF2CADD81}.Debug|Any CPU.Build.0 = Debug|Any CPU
		{BF3093AF-33DD-4A64-A87E-73FAF2CADD81}.Release|Any CPU.ActiveCfg = Release|Any CPU
		{BF3093AF-33DD-4A64-A87E-73FAF2CADD81}.Release|Any CPU.Build.0 = Release|Any CPU
		{872830FD-3BF3-45D1-9C98-3D51A107B1E5}.Debug|Any CPU.ActiveCfg = Debug|Any CPU
		{872830FD-3BF3-45D1-9C98-3D51A107B1E5}.Debug|Any CPU.Build.0 = Debug|Any CPU
		{872830FD-3BF3-45D1-9C98-3D51A107B1E5}.Release|Any CPU.ActiveCfg = Release|Any CPU
		{872830FD-3BF3-45D1-9C98-3D51A107B1E5}.Release|Any CPU.Build.0 = Release|Any CPU
		{A085FD2D-8013-4CBE-B901-68A3C204C5D0}.Debug|Any CPU.ActiveCfg = Debug|Any CPU
		{A085FD2D-8013-4CBE-B901-68A3C204C5D0}.Debug|Any CPU.Build.0 = Debug|Any CPU
		{A085FD2D-8013-4CBE-B901-68A3C204C5D0}.Release|Any CPU.ActiveCfg = Release|Any CPU
		{A085FD2D-8013-4CBE-B901-68A3C204C5D0}.Release|Any CPU.Build.0 = Release|Any CPU
		{D1F4201F-CAAC-48B3-B8DC-D52E04BCDB90}.Debug|Any CPU.ActiveCfg = Debug|Any CPU
		{D1F4201F-CAAC-48B3-B8DC-D52E04BCDB90}.Debug|Any CPU.Build.0 = Debug|Any CPU
		{D1F4201F-CAAC-48B3-B8DC-D52E04BCDB90}.Release|Any CPU.ActiveCfg = Release|Any CPU
		{D1F4201F-CAAC-48B3-B8DC-D52E04BCDB90}.Release|Any CPU.Build.0 = Release|Any CPU
		{F24B8A98-35C3-4E46-B6CB-E7BC9373CD91}.Debug|Any CPU.ActiveCfg = Debug|Any CPU
		{F24B8A98-35C3-4E46-B6CB-E7BC9373CD91}.Debug|Any CPU.Build.0 = Debug|Any CPU
		{F24B8A98-35C3-4E46-B6CB-E7BC9373CD91}.Release|Any CPU.ActiveCfg = Release|Any CPU
		{F24B8A98-35C3-4E46-B6CB-E7BC9373CD91}.Release|Any CPU.Build.0 = Release|Any CPU
		{5CE5DD0D-7208-4ADD-B851-489CE91925E3}.Debug|Any CPU.ActiveCfg = Debug|Any CPU
		{5CE5DD0D-7208-4ADD-B851-489CE91925E3}.Debug|Any CPU.Build.0 = Debug|Any CPU
		{5CE5DD0D-7208-4ADD-B851-489CE91925E3}.Release|Any CPU.ActiveCfg = Release|Any CPU
		{5CE5DD0D-7208-4ADD-B851-489CE91925E3}.Release|Any CPU.Build.0 = Release|Any CPU
		{F49B55D4-1F4D-4F24-A978-4FA55A39EFDF}.Debug|Any CPU.ActiveCfg = Debug|Any CPU
		{F49B55D4-1F4D-4F24-A978-4FA55A39EFDF}.Debug|Any CPU.Build.0 = Debug|Any CPU
		{F49B55D4-1F4D-4F24-A978-4FA55A39EFDF}.Release|Any CPU.ActiveCfg = Release|Any CPU
		{F49B55D4-1F4D-4F24-A978-4FA55A39EFDF}.Release|Any CPU.Build.0 = Release|Any CPU
		{DD1D6D63-8E88-4E94-B8FE-44A652ACF3D8}.Debug|Any CPU.ActiveCfg = Debug|Any CPU
		{DD1D6D63-8E88-4E94-B8FE-44A652ACF3D8}.Debug|Any CPU.Build.0 = Debug|Any CPU
		{DD1D6D63-8E88-4E94-B8FE-44A652ACF3D8}.Release|Any CPU.ActiveCfg = Release|Any CPU
		{DD1D6D63-8E88-4E94-B8FE-44A652ACF3D8}.Release|Any CPU.Build.0 = Release|Any CPU
		{F9ADD13C-D7CE-4C42-8C0C-65D617C5DFAA}.Debug|Any CPU.ActiveCfg = Debug|Any CPU
		{F9ADD13C-D7CE-4C42-8C0C-65D617C5DFAA}.Debug|Any CPU.Build.0 = Debug|Any CPU
		{F9ADD13C-D7CE-4C42-8C0C-65D617C5DFAA}.Release|Any CPU.ActiveCfg = Release|Any CPU
		{F9ADD13C-D7CE-4C42-8C0C-65D617C5DFAA}.Release|Any CPU.Build.0 = Release|Any CPU
		{401432CD-4E44-4863-84A9-CCE5F9579A78}.Debug|Any CPU.ActiveCfg = Debug|Any CPU
		{401432CD-4E44-4863-84A9-CCE5F9579A78}.Debug|Any CPU.Build.0 = Debug|Any CPU
		{401432CD-4E44-4863-84A9-CCE5F9579A78}.Release|Any CPU.ActiveCfg = Release|Any CPU
		{401432CD-4E44-4863-84A9-CCE5F9579A78}.Release|Any CPU.Build.0 = Release|Any CPU
		{13C82DBF-07F0-422C-B999-A94FF5C55DF2}.Debug|Any CPU.ActiveCfg = Debug|Any CPU
		{13C82DBF-07F0-422C-B999-A94FF5C55DF2}.Debug|Any CPU.Build.0 = Debug|Any CPU
		{13C82DBF-07F0-422C-B999-A94FF5C55DF2}.Release|Any CPU.ActiveCfg = Release|Any CPU
		{13C82DBF-07F0-422C-B999-A94FF5C55DF2}.Release|Any CPU.Build.0 = Release|Any CPU
		{823E3A22-AA5B-4843-AEBC-167D91DC0A59}.Debug|Any CPU.ActiveCfg = Debug|Any CPU
		{823E3A22-AA5B-4843-AEBC-167D91DC0A59}.Debug|Any CPU.Build.0 = Debug|Any CPU
		{823E3A22-AA5B-4843-AEBC-167D91DC0A59}.Release|Any CPU.ActiveCfg = Release|Any CPU
		{823E3A22-AA5B-4843-AEBC-167D91DC0A59}.Release|Any CPU.Build.0 = Release|Any CPU
		{91784828-25A0-4DF4-B956-822990AAA8C6}.Debug|Any CPU.ActiveCfg = Debug|Any CPU
		{91784828-25A0-4DF4-B956-822990AAA8C6}.Debug|Any CPU.Build.0 = Debug|Any CPU
		{91784828-25A0-4DF4-B956-822990AAA8C6}.Release|Any CPU.ActiveCfg = Release|Any CPU
		{91784828-25A0-4DF4-B956-822990AAA8C6}.Release|Any CPU.Build.0 = Release|Any CPU
		{80F2C691-B2F0-4F56-A746-BB43EDEF90A7}.Debug|Any CPU.ActiveCfg = Debug|Any CPU
		{80F2C691-B2F0-4F56-A746-BB43EDEF90A7}.Debug|Any CPU.Build.0 = Debug|Any CPU
		{80F2C691-B2F0-4F56-A746-BB43EDEF90A7}.Release|Any CPU.ActiveCfg = Release|Any CPU
		{80F2C691-B2F0-4F56-A746-BB43EDEF90A7}.Release|Any CPU.Build.0 = Release|Any CPU
		{DA2DD1C3-9DA5-4A08-AB79-FA2C0B396E75}.Debug|Any CPU.ActiveCfg = Debug|Any CPU
		{DA2DD1C3-9DA5-4A08-AB79-FA2C0B396E75}.Debug|Any CPU.Build.0 = Debug|Any CPU
		{DA2DD1C3-9DA5-4A08-AB79-FA2C0B396E75}.Release|Any CPU.ActiveCfg = Release|Any CPU
		{DA2DD1C3-9DA5-4A08-AB79-FA2C0B396E75}.Release|Any CPU.Build.0 = Release|Any CPU
		{74B94F02-FE73-4AE9-B5C7-935991C4F4B8}.Debug|Any CPU.ActiveCfg = Debug|Any CPU
		{74B94F02-FE73-4AE9-B5C7-935991C4F4B8}.Debug|Any CPU.Build.0 = Debug|Any CPU
		{74B94F02-FE73-4AE9-B5C7-935991C4F4B8}.Release|Any CPU.ActiveCfg = Release|Any CPU
		{74B94F02-FE73-4AE9-B5C7-935991C4F4B8}.Release|Any CPU.Build.0 = Release|Any CPU
		{5E9CF6E7-B071-4B5E-A951-2D997F9ADFD1}.Debug|Any CPU.ActiveCfg = Debug|Any CPU
		{5E9CF6E7-B071-4B5E-A951-2D997F9ADFD1}.Debug|Any CPU.Build.0 = Debug|Any CPU
		{5E9CF6E7-B071-4B5E-A951-2D997F9ADFD1}.Release|Any CPU.ActiveCfg = Release|Any CPU
		{5E9CF6E7-B071-4B5E-A951-2D997F9ADFD1}.Release|Any CPU.Build.0 = Release|Any CPU
		{E5DD2597-ECC6-41EE-9711-501DC90D0119}.Debug|Any CPU.ActiveCfg = Debug|Any CPU
		{E5DD2597-ECC6-41EE-9711-501DC90D0119}.Debug|Any CPU.Build.0 = Debug|Any CPU
		{E5DD2597-ECC6-41EE-9711-501DC90D0119}.Release|Any CPU.ActiveCfg = Release|Any CPU
		{E5DD2597-ECC6-41EE-9711-501DC90D0119}.Release|Any CPU.Build.0 = Release|Any CPU
		{17265B81-FA8E-4016-BE6A-CEAB89CAE76E}.Debug|Any CPU.ActiveCfg = Debug|Any CPU
		{17265B81-FA8E-4016-BE6A-CEAB89CAE76E}.Debug|Any CPU.Build.0 = Debug|Any CPU
		{17265B81-FA8E-4016-BE6A-CEAB89CAE76E}.Release|Any CPU.ActiveCfg = Release|Any CPU
		{17265B81-FA8E-4016-BE6A-CEAB89CAE76E}.Release|Any CPU.Build.0 = Release|Any CPU
		{5D25E01D-9704-4214-8475-F478AD8891E4}.Debug|Any CPU.ActiveCfg = Debug|Any CPU
		{5D25E01D-9704-4214-8475-F478AD8891E4}.Debug|Any CPU.Build.0 = Debug|Any CPU
		{5D25E01D-9704-4214-8475-F478AD8891E4}.Release|Any CPU.ActiveCfg = Release|Any CPU
		{5D25E01D-9704-4214-8475-F478AD8891E4}.Release|Any CPU.Build.0 = Release|Any CPU
		{7C486BC9-00F6-48F7-BB49-4CFABBE47DF1}.Debug|Any CPU.ActiveCfg = Debug|Any CPU
		{7C486BC9-00F6-48F7-BB49-4CFABBE47DF1}.Debug|Any CPU.Build.0 = Debug|Any CPU
		{7C486BC9-00F6-48F7-BB49-4CFABBE47DF1}.Release|Any CPU.ActiveCfg = Release|Any CPU
		{7C486BC9-00F6-48F7-BB49-4CFABBE47DF1}.Release|Any CPU.Build.0 = Release|Any CPU
		{B432D1DF-1D47-4AAB-9AE9-2CC483094E7B}.Debug|Any CPU.ActiveCfg = Debug|Any CPU
		{B432D1DF-1D47-4AAB-9AE9-2CC483094E7B}.Debug|Any CPU.Build.0 = Debug|Any CPU
		{B432D1DF-1D47-4AAB-9AE9-2CC483094E7B}.Release|Any CPU.ActiveCfg = Release|Any CPU
		{B432D1DF-1D47-4AAB-9AE9-2CC483094E7B}.Release|Any CPU.Build.0 = Release|Any CPU
		{CB76EF64-7ACD-4799-95C4-D7B032994EC4}.Debug|Any CPU.ActiveCfg = Debug|Any CPU
		{CB76EF64-7ACD-4799-95C4-D7B032994EC4}.Debug|Any CPU.Build.0 = Debug|Any CPU
		{CB76EF64-7ACD-4799-95C4-D7B032994EC4}.Release|Any CPU.ActiveCfg = Release|Any CPU
		{CB76EF64-7ACD-4799-95C4-D7B032994EC4}.Release|Any CPU.Build.0 = Release|Any CPU
		{B977CC56-E60B-4426-B5A5-167E64C80871}.Debug|Any CPU.ActiveCfg = Debug|Any CPU
		{B977CC56-E60B-4426-B5A5-167E64C80871}.Debug|Any CPU.Build.0 = Debug|Any CPU
		{B977CC56-E60B-4426-B5A5-167E64C80871}.Release|Any CPU.ActiveCfg = Release|Any CPU
		{B977CC56-E60B-4426-B5A5-167E64C80871}.Release|Any CPU.Build.0 = Release|Any CPU
		{328E0FFB-73DD-4F8B-8DD4-58214B741F2D}.Debug|Any CPU.ActiveCfg = Debug|Any CPU
		{328E0FFB-73DD-4F8B-8DD4-58214B741F2D}.Debug|Any CPU.Build.0 = Debug|Any CPU
		{328E0FFB-73DD-4F8B-8DD4-58214B741F2D}.Release|Any CPU.ActiveCfg = Release|Any CPU
		{328E0FFB-73DD-4F8B-8DD4-58214B741F2D}.Release|Any CPU.Build.0 = Release|Any CPU
		{6D95252F-F799-4AA9-A617-790FC4522BAF}.Debug|Any CPU.ActiveCfg = Debug|Any CPU
		{6D95252F-F799-4AA9-A617-790FC4522BAF}.Debug|Any CPU.Build.0 = Debug|Any CPU
		{6D95252F-F799-4AA9-A617-790FC4522BAF}.Release|Any CPU.ActiveCfg = Release|Any CPU
		{6D95252F-F799-4AA9-A617-790FC4522BAF}.Release|Any CPU.Build.0 = Release|Any CPU
		{9B313BBB-227B-492F-A1E8-0755C588BA21}.Debug|Any CPU.ActiveCfg = Debug|Any CPU
		{9B313BBB-227B-492F-A1E8-0755C588BA21}.Debug|Any CPU.Build.0 = Debug|Any CPU
		{9B313BBB-227B-492F-A1E8-0755C588BA21}.Release|Any CPU.ActiveCfg = Release|Any CPU
		{9B313BBB-227B-492F-A1E8-0755C588BA21}.Release|Any CPU.Build.0 = Release|Any CPU
		{7461B0BB-836E-48F1-BA45-6A8F93F7A628}.Debug|Any CPU.ActiveCfg = Debug|Any CPU
		{7461B0BB-836E-48F1-BA45-6A8F93F7A628}.Debug|Any CPU.Build.0 = Debug|Any CPU
		{7461B0BB-836E-48F1-BA45-6A8F93F7A628}.Release|Any CPU.ActiveCfg = Release|Any CPU
		{7461B0BB-836E-48F1-BA45-6A8F93F7A628}.Release|Any CPU.Build.0 = Release|Any CPU
		{369A56B9-C812-4FB2-B50F-35ADDAC8351E}.Debug|Any CPU.ActiveCfg = Debug|Any CPU
		{369A56B9-C812-4FB2-B50F-35ADDAC8351E}.Debug|Any CPU.Build.0 = Debug|Any CPU
		{369A56B9-C812-4FB2-B50F-35ADDAC8351E}.Release|Any CPU.ActiveCfg = Release|Any CPU
		{369A56B9-C812-4FB2-B50F-35ADDAC8351E}.Release|Any CPU.Build.0 = Release|Any CPU
		{023A7A25-2BAE-4B3F-AC20-6FA65055C852}.Debug|Any CPU.ActiveCfg = Debug|Any CPU
		{023A7A25-2BAE-4B3F-AC20-6FA65055C852}.Debug|Any CPU.Build.0 = Debug|Any CPU
		{023A7A25-2BAE-4B3F-AC20-6FA65055C852}.Release|Any CPU.ActiveCfg = Release|Any CPU
		{023A7A25-2BAE-4B3F-AC20-6FA65055C852}.Release|Any CPU.Build.0 = Release|Any CPU
		{D072296F-E55A-4F46-8631-A3577C6E955D}.Debug|Any CPU.ActiveCfg = Debug|Any CPU
		{D072296F-E55A-4F46-8631-A3577C6E955D}.Debug|Any CPU.Build.0 = Debug|Any CPU
		{D072296F-E55A-4F46-8631-A3577C6E955D}.Release|Any CPU.ActiveCfg = Release|Any CPU
		{D072296F-E55A-4F46-8631-A3577C6E955D}.Release|Any CPU.Build.0 = Release|Any CPU
		{7B5B0116-D15B-45B6-B4B9-84B63D83222F}.Debug|Any CPU.ActiveCfg = Debug|Any CPU
		{7B5B0116-D15B-45B6-B4B9-84B63D83222F}.Debug|Any CPU.Build.0 = Debug|Any CPU
		{7B5B0116-D15B-45B6-B4B9-84B63D83222F}.Release|Any CPU.ActiveCfg = Release|Any CPU
		{7B5B0116-D15B-45B6-B4B9-84B63D83222F}.Release|Any CPU.Build.0 = Release|Any CPU
		{63BC3CFC-BE52-4CBB-899E-235D81AFABF1}.Debug|Any CPU.ActiveCfg = Debug|Any CPU
		{63BC3CFC-BE52-4CBB-899E-235D81AFABF1}.Debug|Any CPU.Build.0 = Debug|Any CPU
		{63BC3CFC-BE52-4CBB-899E-235D81AFABF1}.Release|Any CPU.ActiveCfg = Release|Any CPU
		{63BC3CFC-BE52-4CBB-899E-235D81AFABF1}.Release|Any CPU.Build.0 = Release|Any CPU
		{905FC382-9356-4BD1-9F66-0947A6F2FC57}.Debug|Any CPU.ActiveCfg = Debug|Any CPU
		{905FC382-9356-4BD1-9F66-0947A6F2FC57}.Debug|Any CPU.Build.0 = Debug|Any CPU
		{905FC382-9356-4BD1-9F66-0947A6F2FC57}.Release|Any CPU.ActiveCfg = Release|Any CPU
		{905FC382-9356-4BD1-9F66-0947A6F2FC57}.Release|Any CPU.Build.0 = Release|Any CPU
		{8DAEB202-482A-450C-9B17-A06F336AFEA5}.Debug|Any CPU.ActiveCfg = Debug|Any CPU
		{8DAEB202-482A-450C-9B17-A06F336AFEA5}.Debug|Any CPU.Build.0 = Debug|Any CPU
		{8DAEB202-482A-450C-9B17-A06F336AFEA5}.Release|Any CPU.ActiveCfg = Release|Any CPU
		{8DAEB202-482A-450C-9B17-A06F336AFEA5}.Release|Any CPU.Build.0 = Release|Any CPU
		{2A724EB0-4194-45EE-8714-BE354BB03B6B}.Debug|Any CPU.ActiveCfg = Debug|Any CPU
		{2A724EB0-4194-45EE-8714-BE354BB03B6B}.Debug|Any CPU.Build.0 = Debug|Any CPU
		{2A724EB0-4194-45EE-8714-BE354BB03B6B}.Release|Any CPU.ActiveCfg = Release|Any CPU
		{2A724EB0-4194-45EE-8714-BE354BB03B6B}.Release|Any CPU.Build.0 = Release|Any CPU
	EndGlobalSection
	GlobalSection(SolutionProperties) = preSolution
		HideSolutionNode = FALSE
	EndGlobalSection
EndGlobal
